// !$*UTF8*$!
{
	archiveVersion = 1;
	classes = {
	};
	objectVersion = 55;
	objects = {

/* Begin PBXBuildFile section */
		132545A6286F4FFD0066DF62 /* AppDelegate.swift in Sources */ = {isa = PBXBuildFile; fileRef = 132545A5286F4FFD0066DF62 /* AppDelegate.swift */; };
		132545A8286F4FFD0066DF62 /* SceneDelegate.swift in Sources */ = {isa = PBXBuildFile; fileRef = 132545A7286F4FFD0066DF62 /* SceneDelegate.swift */; };
		132545AA286F4FFE0066DF62 /* MainViewController.swift in Sources */ = {isa = PBXBuildFile; fileRef = 132545A9286F4FFE0066DF62 /* MainViewController.swift */; };
		132545B2286F50050066DF62 /* Assets.xcassets in Resources */ = {isa = PBXBuildFile; fileRef = 132545B1286F50050066DF62 /* Assets.xcassets */; };
		132545B5286F50050066DF62 /* LaunchScreen.storyboard in Resources */ = {isa = PBXBuildFile; fileRef = 132545B3286F50050066DF62 /* LaunchScreen.storyboard */; };
		132545C3286F55D10066DF62 /* GarmentModel.swift in Sources */ = {isa = PBXBuildFile; fileRef = 132545C2286F55D10066DF62 /* GarmentModel.swift */; };
		132545C5286F754D0066DF62 /* AddViewController.swift in Sources */ = {isa = PBXBuildFile; fileRef = 132545C4286F754D0066DF62 /* AddViewController.swift */; };
		132545C9286F8AEA0066DF62 /* PersistData.swift in Sources */ = {isa = PBXBuildFile; fileRef = 132545C8286F8AEA0066DF62 /* PersistData.swift */; };
		13A702B0286F9AF200AD377E /* GarmentViewModel.swift in Sources */ = {isa = PBXBuildFile; fileRef = 13A702AF286F9AF200AD377E /* GarmentViewModel.swift */; };
		8B90E47728729B4D006B371E /* LuluAssessementTests.swift in Sources */ = {isa = PBXBuildFile; fileRef = 8B90E47628729B4D006B371E /* LuluAssessementTests.swift */; };
		8BAC939C2872E069005A9253 /* LuluAssessement.xcdatamodeld in Sources */ = {isa = PBXBuildFile; fileRef = 8BAC939A2872E069005A9253 /* LuluAssessement.xcdatamodeld */; };
/* End PBXBuildFile section */

/* Begin PBXContainerItemProxy section */
		8B90E47828729B4D006B371E /* PBXContainerItemProxy */ = {
			isa = PBXContainerItemProxy;
			containerPortal = 1325459A286F4FFD0066DF62 /* Project object */;
			proxyType = 1;
			remoteGlobalIDString = 132545A1286F4FFD0066DF62;
			remoteInfo = LuluAssessement;
		};
/* End PBXContainerItemProxy section */

/* Begin PBXFileReference section */
		132545A2286F4FFD0066DF62 /* LuluAssessement.app */ = {isa = PBXFileReference; explicitFileType = wrapper.application; includeInIndex = 0; path = LuluAssessement.app; sourceTree = BUILT_PRODUCTS_DIR; };
		132545A5286F4FFD0066DF62 /* AppDelegate.swift */ = {isa = PBXFileReference; lastKnownFileType = sourcecode.swift; path = AppDelegate.swift; sourceTree = "<group>"; };
		132545A7286F4FFD0066DF62 /* SceneDelegate.swift */ = {isa = PBXFileReference; lastKnownFileType = sourcecode.swift; path = SceneDelegate.swift; sourceTree = "<group>"; };
		132545A9286F4FFE0066DF62 /* MainViewController.swift */ = {isa = PBXFileReference; lastKnownFileType = sourcecode.swift; path = MainViewController.swift; sourceTree = "<group>"; };
		132545B1286F50050066DF62 /* Assets.xcassets */ = {isa = PBXFileReference; lastKnownFileType = folder.assetcatalog; path = Assets.xcassets; sourceTree = "<group>"; };
		132545B4286F50050066DF62 /* Base */ = {isa = PBXFileReference; lastKnownFileType = file.storyboard; name = Base; path = Base.lproj/LaunchScreen.storyboard; sourceTree = "<group>"; };
		132545B6286F50050066DF62 /* Info.plist */ = {isa = PBXFileReference; lastKnownFileType = text.plist.xml; path = Info.plist; sourceTree = "<group>"; };
		132545C2286F55D10066DF62 /* GarmentModel.swift */ = {isa = PBXFileReference; lastKnownFileType = sourcecode.swift; path = GarmentModel.swift; sourceTree = "<group>"; };
		132545C4286F754D0066DF62 /* AddViewController.swift */ = {isa = PBXFileReference; lastKnownFileType = sourcecode.swift; path = AddViewController.swift; sourceTree = "<group>"; };
		132545C8286F8AEA0066DF62 /* PersistData.swift */ = {isa = PBXFileReference; lastKnownFileType = sourcecode.swift; path = PersistData.swift; sourceTree = "<group>"; };
		13A702AF286F9AF200AD377E /* GarmentViewModel.swift */ = {isa = PBXFileReference; lastKnownFileType = sourcecode.swift; path = GarmentViewModel.swift; sourceTree = "<group>"; };
		8B90E47428729B4D006B371E /* LuluAssessementTests.xctest */ = {isa = PBXFileReference; explicitFileType = wrapper.cfbundle; includeInIndex = 0; path = LuluAssessementTests.xctest; sourceTree = BUILT_PRODUCTS_DIR; };
		8B90E47628729B4D006B371E /* LuluAssessementTests.swift */ = {isa = PBXFileReference; lastKnownFileType = sourcecode.swift; path = LuluAssessementTests.swift; sourceTree = "<group>"; };
		8BAC939B2872E069005A9253 /* LuluAssessement.xcdatamodel */ = {isa = PBXFileReference; lastKnownFileType = wrapper.xcdatamodel; path = LuluAssessement.xcdatamodel; sourceTree = "<group>"; };
/* End PBXFileReference section */

/* Begin PBXFrameworksBuildPhase section */
		1325459F286F4FFD0066DF62 /* Frameworks */ = {
			isa = PBXFrameworksBuildPhase;
			buildActionMask = 2147483647;
			files = (
			);
			runOnlyForDeploymentPostprocessing = 0;
		};
		8B90E47128729B4D006B371E /* Frameworks */ = {
			isa = PBXFrameworksBuildPhase;
			buildActionMask = 2147483647;
			files = (
			);
			runOnlyForDeploymentPostprocessing = 0;
		};
/* End PBXFrameworksBuildPhase section */

/* Begin PBXGroup section */
		13254599286F4FFD0066DF62 = {
			isa = PBXGroup;
			children = (
				132545A4286F4FFD0066DF62 /* LuluAssessement */,
				8B90E47528729B4D006B371E /* LuluAssessementTests */,
				132545A3286F4FFD0066DF62 /* Products */,
			);
			sourceTree = "<group>";
		};
		132545A3286F4FFD0066DF62 /* Products */ = {
			isa = PBXGroup;
			children = (
				132545A2286F4FFD0066DF62 /* LuluAssessement.app */,
				8B90E47428729B4D006B371E /* LuluAssessementTests.xctest */,
			);
			name = Products;
			sourceTree = "<group>";
		};
		132545A4286F4FFD0066DF62 /* LuluAssessement */ = {
			isa = PBXGroup;
			children = (
				132545BC286F50430066DF62 /* SupportingFiles */,
				13A702AE286F9AAA00AD377E /* Utilities */,
				132545BE286F507E0066DF62 /* Models */,
				132545BF286F50890066DF62 /* ViewModels */,
				132545C0286F509B0066DF62 /* ViewControllers */,
				132545B6286F50050066DF62 /* Info.plist */,
				8BAC939A2872E069005A9253 /* LuluAssessement.xcdatamodeld */,
			);
			path = LuluAssessement;
			sourceTree = "<group>";
		};
		132545BC286F50430066DF62 /* SupportingFiles */ = {
			isa = PBXGroup;
			children = (
				132545B1286F50050066DF62 /* Assets.xcassets */,
				132545A5286F4FFD0066DF62 /* AppDelegate.swift */,
				132545A7286F4FFD0066DF62 /* SceneDelegate.swift */,
				132545B3286F50050066DF62 /* LaunchScreen.storyboard */,
			);
			path = SupportingFiles;
			sourceTree = "<group>";
		};
		132545BE286F507E0066DF62 /* Models */ = {
			isa = PBXGroup;
			children = (
				132545C2286F55D10066DF62 /* GarmentModel.swift */,
			);
			path = Models;
			sourceTree = "<group>";
		};
		132545BF286F50890066DF62 /* ViewModels */ = {
			isa = PBXGroup;
			children = (
				13A702AF286F9AF200AD377E /* GarmentViewModel.swift */,
			);
			path = ViewModels;
			sourceTree = "<group>";
		};
		132545C0286F509B0066DF62 /* ViewControllers */ = {
			isa = PBXGroup;
			children = (
				132545A9286F4FFE0066DF62 /* MainViewController.swift */,
				132545C4286F754D0066DF62 /* AddViewController.swift */,
			);
			path = ViewControllers;
			sourceTree = "<group>";
		};
		13A702AE286F9AAA00AD377E /* Utilities */ = {
			isa = PBXGroup;
			children = (
				132545C8286F8AEA0066DF62 /* PersistData.swift */,
			);
			path = Utilities;
			sourceTree = "<group>";
		};
		8B90E47528729B4D006B371E /* LuluAssessementTests */ = {
			isa = PBXGroup;
			children = (
				8B90E47628729B4D006B371E /* LuluAssessementTests.swift */,
			);
			path = LuluAssessementTests;
			sourceTree = "<group>";
		};
/* End PBXGroup section */

/* Begin PBXNativeTarget section */
		132545A1286F4FFD0066DF62 /* LuluAssessement */ = {
			isa = PBXNativeTarget;
			buildConfigurationList = 132545B9286F50050066DF62 /* Build configuration list for PBXNativeTarget "LuluAssessement" */;
			buildPhases = (
				1325459E286F4FFD0066DF62 /* Sources */,
				1325459F286F4FFD0066DF62 /* Frameworks */,
				132545A0286F4FFD0066DF62 /* Resources */,
			);
			buildRules = (
			);
			dependencies = (
			);
			name = LuluAssessement;
			productName = LuluAssessement;
			productReference = 132545A2286F4FFD0066DF62 /* LuluAssessement.app */;
			productType = "com.apple.product-type.application";
		};
		8B90E47328729B4D006B371E /* LuluAssessementTests */ = {
			isa = PBXNativeTarget;
			buildConfigurationList = 8B90E47C28729B4D006B371E /* Build configuration list for PBXNativeTarget "LuluAssessementTests" */;
			buildPhases = (
				8B90E47028729B4D006B371E /* Sources */,
				8B90E47128729B4D006B371E /* Frameworks */,
				8B90E47228729B4D006B371E /* Resources */,
			);
			buildRules = (
			);
			dependencies = (
				8B90E47928729B4D006B371E /* PBXTargetDependency */,
			);
			name = LuluAssessementTests;
			productName = LuluAssessementTests;
			productReference = 8B90E47428729B4D006B371E /* LuluAssessementTests.xctest */;
			productType = "com.apple.product-type.bundle.unit-test";
		};
/* End PBXNativeTarget section */

/* Begin PBXProject section */
		1325459A286F4FFD0066DF62 /* Project object */ = {
			isa = PBXProject;
			attributes = {
				BuildIndependentTargetsInParallel = 1;
				LastSwiftUpdateCheck = 1330;
				LastUpgradeCheck = 1330;
				TargetAttributes = {
					132545A1286F4FFD0066DF62 = {
						CreatedOnToolsVersion = 13.3.1;
					};
					8B90E47328729B4D006B371E = {
						CreatedOnToolsVersion = 13.3.1;
						TestTargetID = 132545A1286F4FFD0066DF62;
					};
				};
			};
			buildConfigurationList = 1325459D286F4FFD0066DF62 /* Build configuration list for PBXProject "LuluAssessement" */;
			compatibilityVersion = "Xcode 13.0";
			developmentRegion = en;
			hasScannedForEncodings = 0;
			knownRegions = (
				en,
				Base,
			);
			mainGroup = 13254599286F4FFD0066DF62;
			productRefGroup = 132545A3286F4FFD0066DF62 /* Products */;
			projectDirPath = "";
			projectRoot = "";
			targets = (
				132545A1286F4FFD0066DF62 /* LuluAssessement */,
				8B90E47328729B4D006B371E /* LuluAssessementTests */,
			);
		};
/* End PBXProject section */

/* Begin PBXResourcesBuildPhase section */
		132545A0286F4FFD0066DF62 /* Resources */ = {
			isa = PBXResourcesBuildPhase;
			buildActionMask = 2147483647;
			files = (
				132545B5286F50050066DF62 /* LaunchScreen.storyboard in Resources */,
				132545B2286F50050066DF62 /* Assets.xcassets in Resources */,
			);
			runOnlyForDeploymentPostprocessing = 0;
		};
		8B90E47228729B4D006B371E /* Resources */ = {
			isa = PBXResourcesBuildPhase;
			buildActionMask = 2147483647;
			files = (
			);
			runOnlyForDeploymentPostprocessing = 0;
		};
/* End PBXResourcesBuildPhase section */

/* Begin PBXSourcesBuildPhase section */
		1325459E286F4FFD0066DF62 /* Sources */ = {
			isa = PBXSourcesBuildPhase;
			buildActionMask = 2147483647;
			files = (
				132545C3286F55D10066DF62 /* GarmentModel.swift in Sources */,
				8BAC939C2872E069005A9253 /* LuluAssessement.xcdatamodeld in Sources */,
				132545AA286F4FFE0066DF62 /* MainViewController.swift in Sources */,
				132545C5286F754D0066DF62 /* AddViewController.swift in Sources */,
				13A702B0286F9AF200AD377E /* GarmentViewModel.swift in Sources */,
				132545C9286F8AEA0066DF62 /* PersistData.swift in Sources */,
				132545A6286F4FFD0066DF62 /* AppDelegate.swift in Sources */,
				132545A8286F4FFD0066DF62 /* SceneDelegate.swift in Sources */,
			);
			runOnlyForDeploymentPostprocessing = 0;
		};
		8B90E47028729B4D006B371E /* Sources */ = {
			isa = PBXSourcesBuildPhase;
			buildActionMask = 2147483647;
			files = (
				8B90E47728729B4D006B371E /* LuluAssessementTests.swift in Sources */,
			);
			runOnlyForDeploymentPostprocessing = 0;
		};
/* End PBXSourcesBuildPhase section */

/* Begin PBXTargetDependency section */
		8B90E47928729B4D006B371E /* PBXTargetDependency */ = {
			isa = PBXTargetDependency;
			target = 132545A1286F4FFD0066DF62 /* LuluAssessement */;
			targetProxy = 8B90E47828729B4D006B371E /* PBXContainerItemProxy */;
		};
/* End PBXTargetDependency section */

/* Begin PBXVariantGroup section */
		132545B3286F50050066DF62 /* LaunchScreen.storyboard */ = {
			isa = PBXVariantGroup;
			children = (
				132545B4286F50050066DF62 /* Base */,
			);
			name = LaunchScreen.storyboard;
			sourceTree = "<group>";
		};
/* End PBXVariantGroup section */

/* Begin XCBuildConfiguration section */
		132545B7286F50050066DF62 /* Debug */ = {
			isa = XCBuildConfiguration;
			buildSettings = {
				ALWAYS_SEARCH_USER_PATHS = NO;
				CLANG_ANALYZER_NONNULL = YES;
				CLANG_ANALYZER_NUMBER_OBJECT_CONVERSION = YES_AGGRESSIVE;
				CLANG_CXX_LANGUAGE_STANDARD = "gnu++17";
				CLANG_ENABLE_MODULES = YES;
				CLANG_ENABLE_OBJC_ARC = YES;
				CLANG_ENABLE_OBJC_WEAK = YES;
				CLANG_WARN_BLOCK_CAPTURE_AUTORELEASING = YES;
				CLANG_WARN_BOOL_CONVERSION = YES;
				CLANG_WARN_COMMA = YES;
				CLANG_WARN_CONSTANT_CONVERSION = YES;
				CLANG_WARN_DEPRECATED_OBJC_IMPLEMENTATIONS = YES;
				CLANG_WARN_DIRECT_OBJC_ISA_USAGE = YES_ERROR;
				CLANG_WARN_DOCUMENTATION_COMMENTS = YES;
				CLANG_WARN_EMPTY_BODY = YES;
				CLANG_WARN_ENUM_CONVERSION = YES;
				CLANG_WARN_INFINITE_RECURSION = YES;
				CLANG_WARN_INT_CONVERSION = YES;
				CLANG_WARN_NON_LITERAL_NULL_CONVERSION = YES;
				CLANG_WARN_OBJC_IMPLICIT_RETAIN_SELF = YES;
				CLANG_WARN_OBJC_LITERAL_CONVERSION = YES;
				CLANG_WARN_OBJC_ROOT_CLASS = YES_ERROR;
				CLANG_WARN_QUOTED_INCLUDE_IN_FRAMEWORK_HEADER = YES;
				CLANG_WARN_RANGE_LOOP_ANALYSIS = YES;
				CLANG_WARN_STRICT_PROTOTYPES = YES;
				CLANG_WARN_SUSPICIOUS_MOVE = YES;
				CLANG_WARN_UNGUARDED_AVAILABILITY = YES_AGGRESSIVE;
				CLANG_WARN_UNREACHABLE_CODE = YES;
				CLANG_WARN__DUPLICATE_METHOD_MATCH = YES;
				COPY_PHASE_STRIP = NO;
				DEBUG_INFORMATION_FORMAT = dwarf;
				ENABLE_STRICT_OBJC_MSGSEND = YES;
				ENABLE_TESTABILITY = YES;
				GCC_C_LANGUAGE_STANDARD = gnu11;
				GCC_DYNAMIC_NO_PIC = NO;
				GCC_NO_COMMON_BLOCKS = YES;
				GCC_OPTIMIZATION_LEVEL = 0;
				GCC_PREPROCESSOR_DEFINITIONS = (
					"DEBUG=1",
					"$(inherited)",
				);
				GCC_WARN_64_TO_32_BIT_CONVERSION = YES;
				GCC_WARN_ABOUT_RETURN_TYPE = YES_ERROR;
				GCC_WARN_UNDECLARED_SELECTOR = YES;
				GCC_WARN_UNINITIALIZED_AUTOS = YES_AGGRESSIVE;
				GCC_WARN_UNUSED_FUNCTION = YES;
				GCC_WARN_UNUSED_VARIABLE = YES;
				IPHONEOS_DEPLOYMENT_TARGET = 15.4;
				MTL_ENABLE_DEBUG_INFO = INCLUDE_SOURCE;
				MTL_FAST_MATH = YES;
				ONLY_ACTIVE_ARCH = YES;
				SDKROOT = iphoneos;
				SWIFT_ACTIVE_COMPILATION_CONDITIONS = DEBUG;
				SWIFT_OPTIMIZATION_LEVEL = "-Onone";
			};
			name = Debug;
		};
		132545B8286F50050066DF62 /* Release */ = {
			isa = XCBuildConfiguration;
			buildSettings = {
				ALWAYS_SEARCH_USER_PATHS = NO;
				CLANG_ANALYZER_NONNULL = YES;
				CLANG_ANALYZER_NUMBER_OBJECT_CONVERSION = YES_AGGRESSIVE;
				CLANG_CXX_LANGUAGE_STANDARD = "gnu++17";
				CLANG_ENABLE_MODULES = YES;
				CLANG_ENABLE_OBJC_ARC = YES;
				CLANG_ENABLE_OBJC_WEAK = YES;
				CLANG_WARN_BLOCK_CAPTURE_AUTORELEASING = YES;
				CLANG_WARN_BOOL_CONVERSION = YES;
				CLANG_WARN_COMMA = YES;
				CLANG_WARN_CONSTANT_CONVERSION = YES;
				CLANG_WARN_DEPRECATED_OBJC_IMPLEMENTATIONS = YES;
				CLANG_WARN_DIRECT_OBJC_ISA_USAGE = YES_ERROR;
				CLANG_WARN_DOCUMENTATION_COMMENTS = YES;
				CLANG_WARN_EMPTY_BODY = YES;
				CLANG_WARN_ENUM_CONVERSION = YES;
				CLANG_WARN_INFINITE_RECURSION = YES;
				CLANG_WARN_INT_CONVERSION = YES;
				CLANG_WARN_NON_LITERAL_NULL_CONVERSION = YES;
				CLANG_WARN_OBJC_IMPLICIT_RETAIN_SELF = YES;
				CLANG_WARN_OBJC_LITERAL_CONVERSION = YES;
				CLANG_WARN_OBJC_ROOT_CLASS = YES_ERROR;
				CLANG_WARN_QUOTED_INCLUDE_IN_FRAMEWORK_HEADER = YES;
				CLANG_WARN_RANGE_LOOP_ANALYSIS = YES;
				CLANG_WARN_STRICT_PROTOTYPES = YES;
				CLANG_WARN_SUSPICIOUS_MOVE = YES;
				CLANG_WARN_UNGUARDED_AVAILABILITY = YES_AGGRESSIVE;
				CLANG_WARN_UNREACHABLE_CODE = YES;
				CLANG_WARN__DUPLICATE_METHOD_MATCH = YES;
				COPY_PHASE_STRIP = NO;
				DEBUG_INFORMATION_FORMAT = "dwarf-with-dsym";
				ENABLE_NS_ASSERTIONS = NO;
				ENABLE_STRICT_OBJC_MSGSEND = YES;
				GCC_C_LANGUAGE_STANDARD = gnu11;
				GCC_NO_COMMON_BLOCKS = YES;
				GCC_WARN_64_TO_32_BIT_CONVERSION = YES;
				GCC_WARN_ABOUT_RETURN_TYPE = YES_ERROR;
				GCC_WARN_UNDECLARED_SELECTOR = YES;
				GCC_WARN_UNINITIALIZED_AUTOS = YES_AGGRESSIVE;
				GCC_WARN_UNUSED_FUNCTION = YES;
				GCC_WARN_UNUSED_VARIABLE = YES;
				IPHONEOS_DEPLOYMENT_TARGET = 15.4;
				MTL_ENABLE_DEBUG_INFO = NO;
				MTL_FAST_MATH = YES;
				SDKROOT = iphoneos;
				SWIFT_COMPILATION_MODE = wholemodule;
				SWIFT_OPTIMIZATION_LEVEL = "-O";
				VALIDATE_PRODUCT = YES;
			};
			name = Release;
		};
		132545BA286F50050066DF62 /* Debug */ = {
			isa = XCBuildConfiguration;
			buildSettings = {
				ASSETCATALOG_COMPILER_APPICON_NAME = AppIcon;
				ASSETCATALOG_COMPILER_GLOBAL_ACCENT_COLOR_NAME = AccentColor;
				CODE_SIGN_STYLE = Automatic;
				CURRENT_PROJECT_VERSION = 1;
				DEVELOPMENT_TEAM = M74A84DHNX;
				GENERATE_INFOPLIST_FILE = YES;
				INFOPLIST_FILE = LuluAssessement/Info.plist;
				INFOPLIST_KEY_UIApplicationSupportsIndirectInputEvents = YES;
				INFOPLIST_KEY_UILaunchStoryboardName = LaunchScreen;
				INFOPLIST_KEY_UISupportedInterfaceOrientations_iPad = "UIInterfaceOrientationPortrait UIInterfaceOrientationPortraitUpsideDown UIInterfaceOrientationLandscapeLeft UIInterfaceOrientationLandscapeRight";
				INFOPLIST_KEY_UISupportedInterfaceOrientations_iPhone = "UIInterfaceOrientationPortrait UIInterfaceOrientationLandscapeLeft UIInterfaceOrientationLandscapeRight";
				LD_RUNPATH_SEARCH_PATHS = (
					"$(inherited)",
					"@executable_path/Frameworks",
				);
				MARKETING_VERSION = 1.0;
				PRODUCT_BUNDLE_IDENTIFIER = com.ElarApp.LuluAssessement;
				PRODUCT_NAME = "$(TARGET_NAME)";
				SWIFT_EMIT_LOC_STRINGS = YES;
				SWIFT_VERSION = 5.0;
				TARGETED_DEVICE_FAMILY = "1,2";
			};
			name = Debug;
		};
		132545BB286F50050066DF62 /* Release */ = {
			isa = XCBuildConfiguration;
			buildSettings = {
				ASSETCATALOG_COMPILER_APPICON_NAME = AppIcon;
				ASSETCATALOG_COMPILER_GLOBAL_ACCENT_COLOR_NAME = AccentColor;
				CODE_SIGN_STYLE = Automatic;
				CURRENT_PROJECT_VERSION = 1;
				DEVELOPMENT_TEAM = M74A84DHNX;
				GENERATE_INFOPLIST_FILE = YES;
				INFOPLIST_FILE = LuluAssessement/Info.plist;
				INFOPLIST_KEY_UIApplicationSupportsIndirectInputEvents = YES;
				INFOPLIST_KEY_UILaunchStoryboardName = LaunchScreen;
				INFOPLIST_KEY_UISupportedInterfaceOrientations_iPad = "UIInterfaceOrientationPortrait UIInterfaceOrientationPortraitUpsideDown UIInterfaceOrientationLandscapeLeft UIInterfaceOrientationLandscapeRight";
				INFOPLIST_KEY_UISupportedInterfaceOrientations_iPhone = "UIInterfaceOrientationPortrait UIInterfaceOrientationLandscapeLeft UIInterfaceOrientationLandscapeRight";
				LD_RUNPATH_SEARCH_PATHS = (
					"$(inherited)",
					"@executable_path/Frameworks",
				);
				MARKETING_VERSION = 1.0;
				PRODUCT_BUNDLE_IDENTIFIER = com.ElarApp.LuluAssessement;
				PRODUCT_NAME = "$(TARGET_NAME)";
				SWIFT_EMIT_LOC_STRINGS = YES;
				SWIFT_VERSION = 5.0;
				TARGETED_DEVICE_FAMILY = "1,2";
			};
			name = Release;
		};
		8B90E47A28729B4D006B371E /* Debug */ = {
			isa = XCBuildConfiguration;
			buildSettings = {
				BUNDLE_LOADER = "$(TEST_HOST)";
				CODE_SIGN_STYLE = Automatic;
				CURRENT_PROJECT_VERSION = 1;
				GENERATE_INFOPLIST_FILE = YES;
				MARKETING_VERSION = 1.0;
				PRODUCT_BUNDLE_IDENTIFIER = Elar.LuluAssessementTests;
				PRODUCT_NAME = "$(TARGET_NAME)";
				SWIFT_EMIT_LOC_STRINGS = NO;
				SWIFT_VERSION = 5.0;
				TARGETED_DEVICE_FAMILY = "1,2";
				TEST_HOST = "$(BUILT_PRODUCTS_DIR)/LuluAssessement.app/LuluAssessement";
			};
			name = Debug;
		};
		8B90E47B28729B4D006B371E /* Release */ = {
			isa = XCBuildConfiguration;
			buildSettings = {
				BUNDLE_LOADER = "$(TEST_HOST)";
				CODE_SIGN_STYLE = Automatic;
				CURRENT_PROJECT_VERSION = 1;
				GENERATE_INFOPLIST_FILE = YES;
				MARKETING_VERSION = 1.0;
				PRODUCT_BUNDLE_IDENTIFIER = Elar.LuluAssessementTests;
				PRODUCT_NAME = "$(TARGET_NAME)";
				SWIFT_EMIT_LOC_STRINGS = NO;
				SWIFT_VERSION = 5.0;
				TARGETED_DEVICE_FAMILY = "1,2";
				TEST_HOST = "$(BUILT_PRODUCTS_DIR)/LuluAssessement.app/LuluAssessement";
			};
			name = Release;
		};
/* End XCBuildConfiguration section */

/* Begin XCConfigurationList section */
		1325459D286F4FFD0066DF62 /* Build configuration list for PBXProject "LuluAssessement" */ = {
			isa = XCConfigurationList;
			buildConfigurations = (
				132545B7286F50050066DF62 /* Debug */,
				132545B8286F50050066DF62 /* Release */,
			);
			defaultConfigurationIsVisible = 0;
			defaultConfigurationName = Release;
		};
		132545B9286F50050066DF62 /* Build configuration list for PBXNativeTarget "LuluAssessement" */ = {
			isa = XCConfigurationList;
			buildConfigurations = (
				132545BA286F50050066DF62 /* Debug */,
				132545BB286F50050066DF62 /* Release */,
			);
			defaultConfigurationIsVisible = 0;
			defaultConfigurationName = Release;
		};
		8B90E47C28729B4D006B371E /* Build configuration list for PBXNativeTarget "LuluAssessementTests" */ = {
			isa = XCConfigurationList;
			buildConfigurations = (
				8B90E47A28729B4D006B371E /* Debug */,
				8B90E47B28729B4D006B371E /* Release */,
			);
			defaultConfigurationIsVisible = 0;
			defaultConfigurationName = Release;
		};
/* End XCConfigurationList section */

/* Begin XCVersionGroup section */
		8BAC939A2872E069005A9253 /* LuluAssessement.xcdatamodeld */ = {
			isa = XCVersionGroup;
			children = (
				8BAC939B2872E069005A9253 /* LuluAssessement.xcdatamodel */,
			);
			currentVersion = 8BAC939B2872E069005A9253 /* LuluAssessement.xcdatamodel */;
			path = LuluAssessement.xcdatamodeld;
			sourceTree = "<group>";
			versionGroupType = wrapper.xcdatamodel;
		};
/* End XCVersionGroup section */
	};
	rootObject = 1325459A286F4FFD0066DF62 /* Project object */;
}
